
Microsoft Visual Studio Solution File, Format Version 12.00
# Visual Studio 14
VisualStudioVersion = 14.0.25420.1
MinimumVisualStudioVersion = 10.0.40219.1
Project("{8BC9CEB8-8B4A-11D0-8D11-00A0C91BC942}") = "HSMApp", "HSMApp\HSMApp.vcxproj", "{5B4B4849-A627-4715-A977-31252D1E576A}"
EndProject
Project("{8BC9CEB8-8B4A-11D0-8D11-00A0C91BC942}") = "PKCS11_Driver", "..\PKCS11_Driver\PKCS11_Driver\PKCS11_Driver.vcxproj", "{7259AC98-89FF-4E91-825D-DECF4615DCAE}"
EndProject
Global
	GlobalSection(SolutionConfigurationPlatforms) = preSolution
		Debug|x64 = Debug|x64
		Debug|x86 = Debug|x86
		Release|x64 = Release|x64
		Release|x86 = Release|x86
	EndGlobalSection
	GlobalSection(ProjectConfigurationPlatforms) = postSolution
		{5B4B4849-A627-4715-A977-31252D1E576A}.Debug|x64.ActiveCfg = Debug|x64
		{5B4B4849-A627-4715-A977-31252D1E576A}.Debug|x64.Build.0 = Debug|x64
		{5B4B4849-A627-4715-A977-31252D1E576A}.Debug|x86.ActiveCfg = Debug|Win32
		{5B4B4849-A627-4715-A977-31252D1E576A}.Debug|x86.Build.0 = Debug|Win32
		{5B4B4849-A627-4715-A977-31252D1E576A}.Release|x64.ActiveCfg = Release|x64
		{5B4B4849-A627-4715-A977-31252D1E576A}.Release|x64.Build.0 = Release|x64
		{5B4B4849-A627-4715-A977-31252D1E576A}.Release|x86.ActiveCfg = Release|Win32
		{5B4B4849-A627-4715-A977-31252D1E576A}.Release|x86.Build.0 = Release|Win32
		{7259AC98-89FF-4E91-825D-DECF4615DCAE}.Debug|x64.ActiveCfg = Debug|x64
		{7259AC98-89FF-4E91-825D-DECF4615DCAE}.Debug|x64.Build.0 = Debug|x64
		{7259AC98-89FF-4E91-825D-DECF4615DCAE}.Debug|x86.ActiveCfg = Debug|Win32
		{7259AC98-89FF-4E91-825D-DECF4615DCAE}.Debug|x86.Build.0 = Debug|Win32
		{7259AC98-89FF-4E91-825D-DECF4615DCAE}.Release|x64.ActiveCfg = Release|x64
		{7259AC98-89FF-4E91-825D-DECF4615DCAE}.Release|x64.Build.0 = Release|x64
		{7259AC98-89FF-4E91-825D-DECF4615DCAE}.Release|x86.ActiveCfg = Release|Win32
		{7259AC98-89FF-4E91-825D-DECF4615DCAE}.Release|x86.Build.0 = Release|Win32
	EndGlobalSection
	GlobalSection(SolutionProperties) = preSolution
		HideSolutionNode = FALSE
	EndGlobalSection
EndGlobal
